
Microsoft Visual Studio Solution File, Format Version 12.00
# Visual Studio Version 17
VisualStudioVersion = 17.5.002.0
MinimumVisualStudioVersion = 10.0.40219.1
Project("{9A19103F-16F7-4668-BE54-9A1E7A4F7556}") = "Task_1", "Task_1.csproj", "{3E185B08-188A-434F-A84E-BADC2062E906}"
EndProject
Global
	GlobalSection(SolutionConfigurationPlatforms) = preSolution
		Debug|Any CPU = Debug|Any CPU
		Release|Any CPU = Release|Any CPU
	EndGlobalSection
	GlobalSection(ProjectConfigurationPlatforms) = postSolution
		{3E185B08-188A-434F-A84E-BADC2062E906}.Debug|Any CPU.ActiveCfg = Debug|Any CPU
		{3E185B08-188A-434F-A84E-BADC2062E906}.Debug|Any CPU.Build.0 = Debug|Any CPU
		{3E185B08-188A-434F-A84E-BADC2062E906}.Release|Any CPU.ActiveCfg = Release|Any CPU
		{3E185B08-188A-434F-A84E-BADC2062E906}.Release|Any CPU.Build.0 = Release|Any CPU
	EndGlobalSection
	GlobalSection(SolutionProperties) = preSolution
		HideSolutionNode = FALSE
	EndGlobalSection
	GlobalSection(ExtensibilityGlobals) = postSolution
		SolutionGuid = {9274683C-E769-4BF8-BD46-41F90B43AA8F}
	EndGlobalSection
EndGlobal
